Microsoft Visual Studio Solution File, Format Version 12.00
# Visual Studio Version 17
VisualStudioVersion = 17.5.2.0
MinimumVisualStudioVersion = 10.0.40219.1
Project("{FAE04EC0-301F-11D3-BF4B-00C04F79EFBC}") = "LeetCode C#", "LeetCode C#.csproj", "{F538DDAD-382F-3744-E78B-B472738CEB29}"
EndProject
Global
	GlobalSection(SolutionConfigurationPlatforms) = preSolution
		Debug|Any CPU = Debug|Any CPU
		Release|Any CPU = Release|Any CPU
	EndGlobalSection
	GlobalSection(ProjectConfigurationPlatforms) = postSolution
		{F538DDAD-382F-3744-E78B-B472738CEB29}.Debug|Any CPU.ActiveCfg = Debug|Any CPU
		{F538DDAD-382F-3744-E78B-B472738CEB29}.Debug|Any CPU.Build.0 = Debug|Any CPU
		{F538DDAD-382F-3744-E78B-B472738CEB29}.Release|Any CPU.ActiveCfg = Release|Any CPU
		{F538DDAD-382F-3744-E78B-B472738CEB29}.Release|Any CPU.Build.0 = Release|Any CPU
	EndGlobalSection
	GlobalSection(SolutionProperties) = preSolution
		HideSolutionNode = FALSE
	EndGlobalSection
	GlobalSection(ExtensibilityGlobals) = postSolution
		SolutionGuid = {BC9EEDE0-80DF-42E6-8FDA-28E30C529D17}
	EndGlobalSection
EndGlobal
